// !$*UTF8*$!
{
	archiveVersion = 1;
	classes = {
	};
	objectVersion = 51;
	objects = {

/* Begin PBXBuildFile section */
		09A43256E6BED89E4CF6F0C3 /* Pods_Movieflex.framework in Frameworks */ = {isa = PBXBuildFile; fileRef = 681F5A8BFE46A5DC70130FBD /* Pods_Movieflex.framework */; };
		510369E725111BC200C6E80B /* AppDelegate.swift in Sources */ = {isa = PBXBuildFile; fileRef = 510369E625111BC200C6E80B /* AppDelegate.swift */; };
		510369EB25111BC200C6E80B /* HomeViewController.swift in Sources */ = {isa = PBXBuildFile; fileRef = 510369EA25111BC200C6E80B /* HomeViewController.swift */; };
		510369EE25111BC200C6E80B /* Home.storyboard in Resources */ = {isa = PBXBuildFile; fileRef = 510369EC25111BC200C6E80B /* Home.storyboard */; };
		510369F125111BC200C6E80B /* Movieflex.xcdatamodeld in Sources */ = {isa = PBXBuildFile; fileRef = 510369EF25111BC200C6E80B /* Movieflex.xcdatamodeld */; };
		510369F325111BC600C6E80B /* Assets.xcassets in Resources */ = {isa = PBXBuildFile; fileRef = 510369F225111BC600C6E80B /* Assets.xcassets */; };
		510369F625111BC600C6E80B /* LaunchScreen.storyboard in Resources */ = {isa = PBXBuildFile; fileRef = 510369F425111BC600C6E80B /* LaunchScreen.storyboard */; };
		51036A0125111BC700C6E80B /* MovieflexTests.swift in Sources */ = {isa = PBXBuildFile; fileRef = 51036A0025111BC700C6E80B /* MovieflexTests.swift */; };
		51036A162511225B00C6E80B /* NetworkManager.swift in Sources */ = {isa = PBXBuildFile; fileRef = 51036A152511225B00C6E80B /* NetworkManager.swift */; };
		51036A1E2511242000C6E80B /* SF-Mono-Semibold.otf in Resources */ = {isa = PBXBuildFile; fileRef = 51036A1A2511242000C6E80B /* SF-Mono-Semibold.otf */; };
		51036A1F2511242000C6E80B /* SF-Mono-Bold.otf in Resources */ = {isa = PBXBuildFile; fileRef = 51036A1B2511242000C6E80B /* SF-Mono-Bold.otf */; };
		51036A202511242000C6E80B /* SF-Mono-Regular.otf in Resources */ = {isa = PBXBuildFile; fileRef = 51036A1C2511242000C6E80B /* SF-Mono-Regular.otf */; };
		51036A212511242000C6E80B /* SF-Mono-Medium.otf in Resources */ = {isa = PBXBuildFile; fileRef = 51036A1D2511242000C6E80B /* SF-Mono-Medium.otf */; };
		51036A232511243700C6E80B /* Profile.xib in Resources */ = {isa = PBXBuildFile; fileRef = 51036A222511243700C6E80B /* Profile.xib */; };
		51036A252511243B00C6E80B /* Profile.swift in Sources */ = {isa = PBXBuildFile; fileRef = 51036A242511243B00C6E80B /* Profile.swift */; };
		51036A272511247000C6E80B /* ViewExtensions.swift in Sources */ = {isa = PBXBuildFile; fileRef = 51036A262511247000C6E80B /* ViewExtensions.swift */; };
		51036A3D251129A200C6E80B /* JosefinSlab-Thin.ttf in Resources */ = {isa = PBXBuildFile; fileRef = 51036A39251129A200C6E80B /* JosefinSlab-Thin.ttf */; };
		51036A3E251129A200C6E80B /* JosefinSlab-SemiBold.ttf in Resources */ = {isa = PBXBuildFile; fileRef = 51036A3A251129A200C6E80B /* JosefinSlab-SemiBold.ttf */; };
		51036A3F251129A200C6E80B /* JosefinSlab-Regular.ttf in Resources */ = {isa = PBXBuildFile; fileRef = 51036A3B251129A200C6E80B /* JosefinSlab-Regular.ttf */; };
		51036A40251129A200C6E80B /* JosefinSlab-Bold.ttf in Resources */ = {isa = PBXBuildFile; fileRef = 51036A3C251129A200C6E80B /* JosefinSlab-Bold.ttf */; };
		51036A422512094100C6E80B /* Movies.swift in Sources */ = {isa = PBXBuildFile; fileRef = 51036A412512094000C6E80B /* Movies.swift */; };
		51036A442512105B00C6E80B /* ColorExtensions.swift in Sources */ = {isa = PBXBuildFile; fileRef = 51036A432512105B00C6E80B /* ColorExtensions.swift */; };
		51FC0B362512717700DE1D11 /* MovieViewModel.swift in Sources */ = {isa = PBXBuildFile; fileRef = 51FC0B352512717700DE1D11 /* MovieViewModel.swift */; };
		51FC0B382512725700DE1D11 /* UserDefaultsManager.swift in Sources */ = {isa = PBXBuildFile; fileRef = 51FC0B372512725700DE1D11 /* UserDefaultsManager.swift */; };
		51FC0B3C25128BFA00DE1D11 /* LargeTitleCollectionViewCell.swift in Sources */ = {isa = PBXBuildFile; fileRef = 51FC0B3A25128BFA00DE1D11 /* LargeTitleCollectionViewCell.swift */; };
		51FC0B3D25128BFA00DE1D11 /* LargeTitleCollectionViewCell.xib in Resources */ = {isa = PBXBuildFile; fileRef = 51FC0B3B25128BFA00DE1D11 /* LargeTitleCollectionViewCell.xib */; };
		C91205FC0FA3C10928883D12 /* Pods_MovieflexTests.framework in Frameworks */ = {isa = PBXBuildFile; fileRef = 32BD5FF6D0865E3085B06AE7 /* Pods_MovieflexTests.framework */; };
		F39B4B222513A0B00026CA87 /* BoxBind.swift in Sources */ = {isa = PBXBuildFile; fileRef = F39B4B212513A0B00026CA87 /* BoxBind.swift */; };
		F39B4B542513B1F10026CA87 /* ShimmerEffect.swift in Sources */ = {isa = PBXBuildFile; fileRef = F39B4B532513B1F10026CA87 /* ShimmerEffect.swift */; };
		F39B4B552513B1F10026CA87 /* ShimmerEffect.swift in Sources */ = {isa = PBXBuildFile; fileRef = F39B4B532513B1F10026CA87 /* ShimmerEffect.swift */; };
		F3CE93CE251349C1006BE0FD /* LogoLayer.swift in Sources */ = {isa = PBXBuildFile; fileRef = F3CE93CD251349C1006BE0FD /* LogoLayer.swift */; };
		F3CE93FA25135C8E006BE0FD /* UserDefaultsManager.swift in Sources */ = {isa = PBXBuildFile; fileRef = 51FC0B372512725700DE1D11 /* UserDefaultsManager.swift */; };
		F3CE940025135E48006BE0FD /* FoundationExtensions.swift in Sources */ = {isa = PBXBuildFile; fileRef = F3CE93FF25135E48006BE0FD /* FoundationExtensions.swift */; };
		F3CE940425135E8D006BE0FD /* CellExtensions.swift in Sources */ = {isa = PBXBuildFile; fileRef = F3CE940325135E8D006BE0FD /* CellExtensions.swift */; };
		F3CE940725135F8E006BE0FD /* NetworkManager.swift in Sources */ = {isa = PBXBuildFile; fileRef = 51036A152511225B00C6E80B /* NetworkManager.swift */; };
		F3CE940A2513606A006BE0FD /* MovieViewModel.swift in Sources */ = {isa = PBXBuildFile; fileRef = 51FC0B352512717700DE1D11 /* MovieViewModel.swift */; };
		F3CE940D2513609B006BE0FD /* Movies.swift in Sources */ = {isa = PBXBuildFile; fileRef = 51036A412512094000C6E80B /* Movies.swift */; };
/* End PBXBuildFile section */

/* Begin PBXContainerItemProxy section */
		510369FD25111BC700C6E80B /* PBXContainerItemProxy */ = {
			isa = PBXContainerItemProxy;
			containerPortal = 510369DB25111BC200C6E80B /* Project object */;
			proxyType = 1;
			remoteGlobalIDString = 510369E225111BC200C6E80B;
			remoteInfo = Movieflex;
		};
/* End PBXContainerItemProxy section */

/* Begin PBXFileReference section */
		0B801DB931B52FBA2594BEF0 /* Pods-MovieflexTests.release.xcconfig */ = {isa = PBXFileReference; includeInIndex = 1; lastKnownFileType = text.xcconfig; name = "Pods-MovieflexTests.release.xcconfig"; path = "Target Support Files/Pods-MovieflexTests/Pods-MovieflexTests.release.xcconfig"; sourceTree = "<group>"; };
		32BD5FF6D0865E3085B06AE7 /* Pods_MovieflexTests.framework */ = {isa = PBXFileReference; explicitFileType = wrapper.framework; includeInIndex = 0; path = Pods_MovieflexTests.framework; sourceTree = BUILT_PRODUCTS_DIR; };
		48B696479272F98BEB2CCB76 /* Pods-Movieflex.release.xcconfig */ = {isa = PBXFileReference; includeInIndex = 1; lastKnownFileType = text.xcconfig; name = "Pods-Movieflex.release.xcconfig"; path = "Target Support Files/Pods-Movieflex/Pods-Movieflex.release.xcconfig"; sourceTree = "<group>"; };
		510369E325111BC200C6E80B /* Movieflex.app */ = {isa = PBXFileReference; explicitFileType = wrapper.application; includeInIndex = 0; path = Movieflex.app; sourceTree = BUILT_PRODUCTS_DIR; };
		510369E625111BC200C6E80B /* AppDelegate.swift */ = {isa = PBXFileReference; lastKnownFileType = sourcecode.swift; path = AppDelegate.swift; sourceTree = "<group>"; };
		510369EA25111BC200C6E80B /* HomeViewController.swift */ = {isa = PBXFileReference; lastKnownFileType = sourcecode.swift; name = HomeViewController.swift; path = Movieflex/Code/Modules/HomeViewController.swift; sourceTree = SOURCE_ROOT; };
		510369ED25111BC200C6E80B /* Base */ = {isa = PBXFileReference; lastKnownFileType = file.storyboard; name = Base; path = Base.lproj/Home.storyboard; sourceTree = "<group>"; };
		510369F025111BC200C6E80B /* Movieflex.xcdatamodel */ = {isa = PBXFileReference; lastKnownFileType = wrapper.xcdatamodel; path = Movieflex.xcdatamodel; sourceTree = "<group>"; };
		510369F225111BC600C6E80B /* Assets.xcassets */ = {isa = PBXFileReference; lastKnownFileType = folder.assetcatalog; path = Assets.xcassets; sourceTree = "<group>"; };
		510369F525111BC600C6E80B /* Base */ = {isa = PBXFileReference; lastKnownFileType = file.storyboard; name = Base; path = Base.lproj/LaunchScreen.storyboard; sourceTree = "<group>"; };
		510369F725111BC600C6E80B /* Info.plist */ = {isa = PBXFileReference; lastKnownFileType = text.plist.xml; path = Info.plist; sourceTree = "<group>"; };
		510369FC25111BC700C6E80B /* MovieflexTests.xctest */ = {isa = PBXFileReference; explicitFileType = wrapper.cfbundle; includeInIndex = 0; path = MovieflexTests.xctest; sourceTree = BUILT_PRODUCTS_DIR; };
		51036A0025111BC700C6E80B /* MovieflexTests.swift */ = {isa = PBXFileReference; lastKnownFileType = sourcecode.swift; path = MovieflexTests.swift; sourceTree = "<group>"; };
		51036A0225111BC700C6E80B /* Info.plist */ = {isa = PBXFileReference; lastKnownFileType = text.plist.xml; path = Info.plist; sourceTree = "<group>"; };
		51036A152511225B00C6E80B /* NetworkManager.swift */ = {isa = PBXFileReference; lastKnownFileType = sourcecode.swift; path = NetworkManager.swift; sourceTree = "<group>"; };
		51036A1A2511242000C6E80B /* SF-Mono-Semibold.otf */ = {isa = PBXFileReference; lastKnownFileType = file; path = "SF-Mono-Semibold.otf"; sourceTree = "<group>"; };
		51036A1B2511242000C6E80B /* SF-Mono-Bold.otf */ = {isa = PBXFileReference; lastKnownFileType = file; path = "SF-Mono-Bold.otf"; sourceTree = "<group>"; };
		51036A1C2511242000C6E80B /* SF-Mono-Regular.otf */ = {isa = PBXFileReference; lastKnownFileType = file; path = "SF-Mono-Regular.otf"; sourceTree = "<group>"; };
		51036A1D2511242000C6E80B /* SF-Mono-Medium.otf */ = {isa = PBXFileReference; lastKnownFileType = file; path = "SF-Mono-Medium.otf"; sourceTree = "<group>"; };
		51036A222511243700C6E80B /* Profile.xib */ = {isa = PBXFileReference; fileEncoding = 4; lastKnownFileType = file.xib; path = Profile.xib; sourceTree = "<group>"; };
		51036A242511243B00C6E80B /* Profile.swift */ = {isa = PBXFileReference; fileEncoding = 4; lastKnownFileType = sourcecode.swift; path = Profile.swift; sourceTree = "<group>"; };
		51036A262511247000C6E80B /* ViewExtensions.swift */ = {isa = PBXFileReference; lastKnownFileType = sourcecode.swift; path = ViewExtensions.swift; sourceTree = "<group>"; };
		51036A39251129A200C6E80B /* JosefinSlab-Thin.ttf */ = {isa = PBXFileReference; lastKnownFileType = file; path = "JosefinSlab-Thin.ttf"; sourceTree = "<group>"; };
		51036A3A251129A200C6E80B /* JosefinSlab-SemiBold.ttf */ = {isa = PBXFileReference; lastKnownFileType = file; path = "JosefinSlab-SemiBold.ttf"; sourceTree = "<group>"; };
		51036A3B251129A200C6E80B /* JosefinSlab-Regular.ttf */ = {isa = PBXFileReference; lastKnownFileType = file; path = "JosefinSlab-Regular.ttf"; sourceTree = "<group>"; };
		51036A3C251129A200C6E80B /* JosefinSlab-Bold.ttf */ = {isa = PBXFileReference; lastKnownFileType = file; path = "JosefinSlab-Bold.ttf"; sourceTree = "<group>"; };
		51036A412512094000C6E80B /* Movies.swift */ = {isa = PBXFileReference; lastKnownFileType = sourcecode.swift; path = Movies.swift; sourceTree = "<group>"; };
		51036A432512105B00C6E80B /* ColorExtensions.swift */ = {isa = PBXFileReference; lastKnownFileType = sourcecode.swift; path = ColorExtensions.swift; sourceTree = "<group>"; };
		51FC0B352512717700DE1D11 /* MovieViewModel.swift */ = {isa = PBXFileReference; lastKnownFileType = sourcecode.swift; path = MovieViewModel.swift; sourceTree = "<group>"; };
		51FC0B372512725700DE1D11 /* UserDefaultsManager.swift */ = {isa = PBXFileReference; lastKnownFileType = sourcecode.swift; path = UserDefaultsManager.swift; sourceTree = "<group>"; };
		51FC0B3A25128BFA00DE1D11 /* LargeTitleCollectionViewCell.swift */ = {isa = PBXFileReference; lastKnownFileType = sourcecode.swift; path = LargeTitleCollectionViewCell.swift; sourceTree = "<group>"; };
		51FC0B3B25128BFA00DE1D11 /* LargeTitleCollectionViewCell.xib */ = {isa = PBXFileReference; lastKnownFileType = file.xib; path = LargeTitleCollectionViewCell.xib; sourceTree = "<group>"; };
		681F5A8BFE46A5DC70130FBD /* Pods_Movieflex.framework */ = {isa = PBXFileReference; explicitFileType = wrapper.framework; includeInIndex = 0; path = Pods_Movieflex.framework; sourceTree = BUILT_PRODUCTS_DIR; };
		8258D0866251C0EBDF5EE38A /* Pods-MovieflexTests.debug.xcconfig */ = {isa = PBXFileReference; includeInIndex = 1; lastKnownFileType = text.xcconfig; name = "Pods-MovieflexTests.debug.xcconfig"; path = "Target Support Files/Pods-MovieflexTests/Pods-MovieflexTests.debug.xcconfig"; sourceTree = "<group>"; };
		BB354ACDC6CC66BCEF4C3903 /* Pods-Movieflex.debug.xcconfig */ = {isa = PBXFileReference; includeInIndex = 1; lastKnownFileType = text.xcconfig; name = "Pods-Movieflex.debug.xcconfig"; path = "Target Support Files/Pods-Movieflex/Pods-Movieflex.debug.xcconfig"; sourceTree = "<group>"; };
		F39B4B212513A0B00026CA87 /* BoxBind.swift */ = {isa = PBXFileReference; lastKnownFileType = sourcecode.swift; path = BoxBind.swift; sourceTree = "<group>"; };
		F39B4B532513B1F10026CA87 /* ShimmerEffect.swift */ = {isa = PBXFileReference; lastKnownFileType = sourcecode.swift; path = ShimmerEffect.swift; sourceTree = "<group>"; };
		F3CE93CD251349C1006BE0FD /* LogoLayer.swift */ = {isa = PBXFileReference; lastKnownFileType = sourcecode.swift; path = LogoLayer.swift; sourceTree = "<group>"; };
		F3CE93FF25135E48006BE0FD /* FoundationExtensions.swift */ = {isa = PBXFileReference; lastKnownFileType = sourcecode.swift; path = FoundationExtensions.swift; sourceTree = "<group>"; };
		F3CE940325135E8D006BE0FD /* CellExtensions.swift */ = {isa = PBXFileReference; lastKnownFileType = sourcecode.swift; path = CellExtensions.swift; sourceTree = "<group>"; };
/* End PBXFileReference section */

/* Begin PBXFrameworksBuildPhase section */
		510369E025111BC200C6E80B /* Frameworks */ = {
			isa = PBXFrameworksBuildPhase;
			buildActionMask = 2147483647;
			files = (
				09A43256E6BED89E4CF6F0C3 /* Pods_Movieflex.framework in Frameworks */,
			);
			runOnlyForDeploymentPostprocessing = 0;
		};
		510369F925111BC700C6E80B /* Frameworks */ = {
			isa = PBXFrameworksBuildPhase;
			buildActionMask = 2147483647;
			files = (
				C91205FC0FA3C10928883D12 /* Pods_MovieflexTests.framework in Frameworks */,
			);
			runOnlyForDeploymentPostprocessing = 0;
		};
/* End PBXFrameworksBuildPhase section */

/* Begin PBXGroup section */
		2D07893ED7BF88D5B2303ADF /* Frameworks */ = {
			isa = PBXGroup;
			children = (
				681F5A8BFE46A5DC70130FBD /* Pods_Movieflex.framework */,
				32BD5FF6D0865E3085B06AE7 /* Pods_MovieflexTests.framework */,
			);
			name = Frameworks;
			sourceTree = "<group>";
		};
		36897384823EA9E9984B7624 /* Pods */ = {
			isa = PBXGroup;
			children = (
				BB354ACDC6CC66BCEF4C3903 /* Pods-Movieflex.debug.xcconfig */,
				48B696479272F98BEB2CCB76 /* Pods-Movieflex.release.xcconfig */,
				8258D0866251C0EBDF5EE38A /* Pods-MovieflexTests.debug.xcconfig */,
				0B801DB931B52FBA2594BEF0 /* Pods-MovieflexTests.release.xcconfig */,
			);
			path = Pods;
			sourceTree = "<group>";
		};
		510369DA25111BC200C6E80B = {
			isa = PBXGroup;
			children = (
				510369E525111BC200C6E80B /* Movieflex */,
				510369FF25111BC700C6E80B /* MovieflexTests */,
				510369E425111BC200C6E80B /* Products */,
				36897384823EA9E9984B7624 /* Pods */,
				2D07893ED7BF88D5B2303ADF /* Frameworks */,
			);
			sourceTree = "<group>";
		};
		510369E425111BC200C6E80B /* Products */ = {
			isa = PBXGroup;
			children = (
				510369E325111BC200C6E80B /* Movieflex.app */,
				510369FC25111BC700C6E80B /* MovieflexTests.xctest */,
			);
			name = Products;
			sourceTree = "<group>";
		};
		510369E525111BC200C6E80B /* Movieflex */ = {
			isa = PBXGroup;
			children = (
				51036A0B25111E7100C6E80B /* Animations */,
				51036A0D25111E8400C6E80B /* Extensions */,
				51036A0C25111E7C00C6E80B /* Effects & Layers */,
				51036A0E25111E9200C6E80B /* Code */,
				51036A18251123EE00C6E80B /* Resources */,
				F39B4B212513A0B00026CA87 /* BoxBind.swift */,
				510369E625111BC200C6E80B /* AppDelegate.swift */,
				510369F425111BC600C6E80B /* LaunchScreen.storyboard */,
				510369F725111BC600C6E80B /* Info.plist */,
				510369EF25111BC200C6E80B /* Movieflex.xcdatamodeld */,
			);
			path = Movieflex;
			sourceTree = "<group>";
		};
		510369FF25111BC700C6E80B /* MovieflexTests */ = {
			isa = PBXGroup;
			children = (
				51036A0025111BC700C6E80B /* MovieflexTests.swift */,
				51036A0225111BC700C6E80B /* Info.plist */,
			);
			path = MovieflexTests;
			sourceTree = "<group>";
		};
		51036A0B25111E7100C6E80B /* Animations */ = {
			isa = PBXGroup;
			children = (
			);
			path = Animations;
			sourceTree = "<group>";
		};
		51036A0C25111E7C00C6E80B /* Effects & Layers */ = {
			isa = PBXGroup;
			children = (
				F3CE93CD251349C1006BE0FD /* LogoLayer.swift */,
				F39B4B532513B1F10026CA87 /* ShimmerEffect.swift */,
			);
			path = "Effects & Layers";
			sourceTree = "<group>";
		};
		51036A0D25111E8400C6E80B /* Extensions */ = {
			isa = PBXGroup;
			children = (
				51036A262511247000C6E80B /* ViewExtensions.swift */,
				51036A432512105B00C6E80B /* ColorExtensions.swift */,
				F3CE93FF25135E48006BE0FD /* FoundationExtensions.swift */,
				F3CE940325135E8D006BE0FD /* CellExtensions.swift */,
			);
			path = Extensions;
			sourceTree = "<group>";
		};
		51036A0E25111E9200C6E80B /* Code */ = {
			isa = PBXGroup;
			children = (
				51036A0F25111E9C00C6E80B /* Models */,
				51036A1225111EE400C6E80B /* ViewModels */,
				51036A1125111EC500C6E80B /* Views */,
				51036A1325111FE300C6E80B /* Modules */,
				51036A1025111EB400C6E80B /* Services */,
			);
			path = Code;
			sourceTree = "<group>";
		};
		51036A0F25111E9C00C6E80B /* Models */ = {
			isa = PBXGroup;
			children = (
				51036A412512094000C6E80B /* Movies.swift */,
			);
			path = Models;
			sourceTree = "<group>";
		};
		51036A1025111EB400C6E80B /* Services */ = {
			isa = PBXGroup;
			children = (
				51036A152511225B00C6E80B /* NetworkManager.swift */,
				51FC0B372512725700DE1D11 /* UserDefaultsManager.swift */,
			);
			path = Services;
			sourceTree = "<group>";
		};
		51036A1125111EC500C6E80B /* Views */ = {
			isa = PBXGroup;
			children = (
				51036A222511243700C6E80B /* Profile.xib */,
				51036A242511243B00C6E80B /* Profile.swift */,
			);
			path = Views;
			sourceTree = "<group>";
		};
		51036A1225111EE400C6E80B /* ViewModels */ = {
			isa = PBXGroup;
			children = (
				51FC0B352512717700DE1D11 /* MovieViewModel.swift */,
			);
			path = ViewModels;
			sourceTree = "<group>";
		};
		51036A1325111FE300C6E80B /* Modules */ = {
			isa = PBXGroup;
			children = (
				51036A142511200800C6E80B /* Home */,
			);
			path = Modules;
			sourceTree = "<group>";
		};
		51036A142511200800C6E80B /* Home */ = {
			isa = PBXGroup;
			children = (
				51FC0B3925128BCE00DE1D11 /* Cells */,
				510369EA25111BC200C6E80B /* HomeViewController.swift */,
				510369EC25111BC200C6E80B /* Home.storyboard */,
			);
			path = Home;
			sourceTree = "<group>";
		};
		51036A17251123E200C6E80B /* Fonts */ = {
			isa = PBXGroup;
			children = (
				51036A382511298600C6E80B /* Josefin Slab */,
				51036A192511241000C6E80B /* SF-Mono */,
			);
			path = Fonts;
			sourceTree = "<group>";
		};
		51036A18251123EE00C6E80B /* Resources */ = {
			isa = PBXGroup;
			children = (
				51036A17251123E200C6E80B /* Fonts */,
				510369F225111BC600C6E80B /* Assets.xcassets */,
			);
			path = Resources;
			sourceTree = "<group>";
		};
		51036A192511241000C6E80B /* SF-Mono */ = {
			isa = PBXGroup;
			children = (
				51036A1B2511242000C6E80B /* SF-Mono-Bold.otf */,
				51036A1D2511242000C6E80B /* SF-Mono-Medium.otf */,
				51036A1C2511242000C6E80B /* SF-Mono-Regular.otf */,
				51036A1A2511242000C6E80B /* SF-Mono-Semibold.otf */,
			);
			path = "SF-Mono";
			sourceTree = "<group>";
		};
		51036A382511298600C6E80B /* Josefin Slab */ = {
			isa = PBXGroup;
			children = (
				51036A3C251129A200C6E80B /* JosefinSlab-Bold.ttf */,
				51036A3B251129A200C6E80B /* JosefinSlab-Regular.ttf */,
				51036A3A251129A200C6E80B /* JosefinSlab-SemiBold.ttf */,
				51036A39251129A200C6E80B /* JosefinSlab-Thin.ttf */,
			);
			path = "Josefin Slab";
			sourceTree = "<group>";
		};
		51FC0B3925128BCE00DE1D11 /* Cells */ = {
			isa = PBXGroup;
			children = (
				51FC0B3A25128BFA00DE1D11 /* LargeTitleCollectionViewCell.swift */,
				51FC0B3B25128BFA00DE1D11 /* LargeTitleCollectionViewCell.xib */,
			);
			path = Cells;
			sourceTree = "<group>";
		};
/* End PBXGroup section */

/* Begin PBXNativeTarget section */
		510369E225111BC200C6E80B /* Movieflex */ = {
			isa = PBXNativeTarget;
			buildConfigurationList = 51036A0525111BC700C6E80B /* Build configuration list for PBXNativeTarget "Movieflex" */;
			buildPhases = (
				B9A7958EADB261ED7E0C5AFD /* [CP] Check Pods Manifest.lock */,
				510369DF25111BC200C6E80B /* Sources */,
				510369E025111BC200C6E80B /* Frameworks */,
				510369E125111BC200C6E80B /* Resources */,
				4F49CC43B5A9597EF609A49C /* [CP] Embed Pods Frameworks */,
			);
			buildRules = (
			);
			dependencies = (
			);
			name = Movieflex;
			productName = Movieflex;
			productReference = 510369E325111BC200C6E80B /* Movieflex.app */;
			productType = "com.apple.product-type.application";
		};
		510369FB25111BC700C6E80B /* MovieflexTests */ = {
			isa = PBXNativeTarget;
			buildConfigurationList = 51036A0825111BC700C6E80B /* Build configuration list for PBXNativeTarget "MovieflexTests" */;
			buildPhases = (
				BA513FCA61BE28FA7DD8B337 /* [CP] Check Pods Manifest.lock */,
				510369F825111BC700C6E80B /* Sources */,
				510369F925111BC700C6E80B /* Frameworks */,
				510369FA25111BC700C6E80B /* Resources */,
			);
			buildRules = (
			);
			dependencies = (
				510369FE25111BC700C6E80B /* PBXTargetDependency */,
			);
			name = MovieflexTests;
			productName = MovieflexTests;
			productReference = 510369FC25111BC700C6E80B /* MovieflexTests.xctest */;
			productType = "com.apple.product-type.bundle.unit-test";
		};
/* End PBXNativeTarget section */

/* Begin PBXProject section */
		510369DB25111BC200C6E80B /* Project object */ = {
			isa = PBXProject;
			attributes = {
				LastSwiftUpdateCheck = 1160;
				LastUpgradeCheck = 1160;
				ORGANIZATIONNAME = "Shubham Singh";
				TargetAttributes = {
					510369E225111BC200C6E80B = {
						CreatedOnToolsVersion = 11.6;
					};
					510369FB25111BC700C6E80B = {
						CreatedOnToolsVersion = 11.6;
						TestTargetID = 510369E225111BC200C6E80B;
					};
				};
			};
			buildConfigurationList = 510369DE25111BC200C6E80B /* Build configuration list for PBXProject "Movieflex" */;
			compatibilityVersion = "Xcode 9.3";
			developmentRegion = en;
			hasScannedForEncodings = 0;
			knownRegions = (
				en,
				Base,
			);
			mainGroup = 510369DA25111BC200C6E80B;
			productRefGroup = 510369E425111BC200C6E80B /* Products */;
			projectDirPath = "";
			projectRoot = "";
			targets = (
				510369E225111BC200C6E80B /* Movieflex */,
				510369FB25111BC700C6E80B /* MovieflexTests */,
			);
		};
/* End PBXProject section */

/* Begin PBXResourcesBuildPhase section */
		510369E125111BC200C6E80B /* Resources */ = {
			isa = PBXResourcesBuildPhase;
			buildActionMask = 2147483647;
			files = (
				51036A1F2511242000C6E80B /* SF-Mono-Bold.otf in Resources */,
				51036A3F251129A200C6E80B /* JosefinSlab-Regular.ttf in Resources */,
				510369F625111BC600C6E80B /* LaunchScreen.storyboard in Resources */,
				51036A212511242000C6E80B /* SF-Mono-Medium.otf in Resources */,
				51FC0B3D25128BFA00DE1D11 /* LargeTitleCollectionViewCell.xib in Resources */,
				510369F325111BC600C6E80B /* Assets.xcassets in Resources */,
				51036A3E251129A200C6E80B /* JosefinSlab-SemiBold.ttf in Resources */,
				51036A1E2511242000C6E80B /* SF-Mono-Semibold.otf in Resources */,
				51036A232511243700C6E80B /* Profile.xib in Resources */,
				51036A3D251129A200C6E80B /* JosefinSlab-Thin.ttf in Resources */,
				51036A202511242000C6E80B /* SF-Mono-Regular.otf in Resources */,
				51036A40251129A200C6E80B /* JosefinSlab-Bold.ttf in Resources */,
				510369EE25111BC200C6E80B /* Home.storyboard in Resources */,
			);
			runOnlyForDeploymentPostprocessing = 0;
		};
		510369FA25111BC700C6E80B /* Resources */ = {
			isa = PBXResourcesBuildPhase;
			buildActionMask = 2147483647;
			files = (
			);
			runOnlyForDeploymentPostprocessing = 0;
		};
/* End PBXResourcesBuildPhase section */

/* Begin PBXShellScriptBuildPhase section */
		4F49CC43B5A9597EF609A49C /* [CP] Embed Pods Frameworks */ = {
			isa = PBXShellScriptBuildPhase;
			buildActionMask = 2147483647;
			files = (
			);
			inputFileListPaths = (
				"${PODS_ROOT}/Target Support Files/Pods-Movieflex/Pods-Movieflex-frameworks-${CONFIGURATION}-input-files.xcfilelist",
			);
			name = "[CP] Embed Pods Frameworks";
			outputFileListPaths = (
				"${PODS_ROOT}/Target Support Files/Pods-Movieflex/Pods-Movieflex-frameworks-${CONFIGURATION}-output-files.xcfilelist",
			);
			runOnlyForDeploymentPostprocessing = 0;
			shellPath = /bin/sh;
			shellScript = "\"${PODS_ROOT}/Target Support Files/Pods-Movieflex/Pods-Movieflex-frameworks.sh\"\n";
			showEnvVarsInLog = 0;
		};
		B9A7958EADB261ED7E0C5AFD /* [CP] Check Pods Manifest.lock */ = {
			isa = PBXShellScriptBuildPhase;
			buildActionMask = 2147483647;
			files = (
			);
			inputFileListPaths = (
			);
			inputPaths = (
				"${PODS_PODFILE_DIR_PATH}/Podfile.lock",
				"${PODS_ROOT}/Manifest.lock",
			);
			name = "[CP] Check Pods Manifest.lock";
			outputFileListPaths = (
			);
			outputPaths = (
				"$(DERIVED_FILE_DIR)/Pods-Movieflex-checkManifestLockResult.txt",
			);
			runOnlyForDeploymentPostprocessing = 0;
			shellPath = /bin/sh;
			shellScript = "diff \"${PODS_PODFILE_DIR_PATH}/Podfile.lock\" \"${PODS_ROOT}/Manifest.lock\" > /dev/null\nif [ $? != 0 ] ; then\n    # print error to STDERR\n    echo \"error: The sandbox is not in sync with the Podfile.lock. Run 'pod install' or update your CocoaPods installation.\" >&2\n    exit 1\nfi\n# This output is used by Xcode 'outputs' to avoid re-running this script phase.\necho \"SUCCESS\" > \"${SCRIPT_OUTPUT_FILE_0}\"\n";
			showEnvVarsInLog = 0;
		};
		BA513FCA61BE28FA7DD8B337 /* [CP] Check Pods Manifest.lock */ = {
			isa = PBXShellScriptBuildPhase;
			buildActionMask = 2147483647;
			files = (
			);
			inputFileListPaths = (
			);
			inputPaths = (
				"${PODS_PODFILE_DIR_PATH}/Podfile.lock",
				"${PODS_ROOT}/Manifest.lock",
			);
			name = "[CP] Check Pods Manifest.lock";
			outputFileListPaths = (
			);
			outputPaths = (
				"$(DERIVED_FILE_DIR)/Pods-MovieflexTests-checkManifestLockResult.txt",
			);
			runOnlyForDeploymentPostprocessing = 0;
			shellPath = /bin/sh;
			shellScript = "diff \"${PODS_PODFILE_DIR_PATH}/Podfile.lock\" \"${PODS_ROOT}/Manifest.lock\" > /dev/null\nif [ $? != 0 ] ; then\n    # print error to STDERR\n    echo \"error: The sandbox is not in sync with the Podfile.lock. Run 'pod install' or update your CocoaPods installation.\" >&2\n    exit 1\nfi\n# This output is used by Xcode 'outputs' to avoid re-running this script phase.\necho \"SUCCESS\" > \"${SCRIPT_OUTPUT_FILE_0}\"\n";
			showEnvVarsInLog = 0;
		};
/* End PBXShellScriptBuildPhase section */

/* Begin PBXSourcesBuildPhase section */
		510369DF25111BC200C6E80B /* Sources */ = {
			isa = PBXSourcesBuildPhase;
			buildActionMask = 2147483647;
			files = (
				F39B4B542513B1F10026CA87 /* ShimmerEffect.swift in Sources */,
				51036A422512094100C6E80B /* Movies.swift in Sources */,
				F39B4B222513A0B00026CA87 /* BoxBind.swift in Sources */,
				F3CE940025135E48006BE0FD /* FoundationExtensions.swift in Sources */,
				51036A162511225B00C6E80B /* NetworkManager.swift in Sources */,
				51036A252511243B00C6E80B /* Profile.swift in Sources */,
				510369EB25111BC200C6E80B /* HomeViewController.swift in Sources */,
				F3CE93CE251349C1006BE0FD /* LogoLayer.swift in Sources */,
				510369F125111BC200C6E80B /* Movieflex.xcdatamodeld in Sources */,
				51FC0B362512717700DE1D11 /* MovieViewModel.swift in Sources */,
				51FC0B382512725700DE1D11 /* UserDefaultsManager.swift in Sources */,
				51036A272511247000C6E80B /* ViewExtensions.swift in Sources */,
				510369E725111BC200C6E80B /* AppDelegate.swift in Sources */,
				F3CE940425135E8D006BE0FD /* CellExtensions.swift in Sources */,
				51FC0B3C25128BFA00DE1D11 /* LargeTitleCollectionViewCell.swift in Sources */,
				51036A442512105B00C6E80B /* ColorExtensions.swift in Sources */,
			);
			runOnlyForDeploymentPostprocessing = 0;
		};
		510369F825111BC700C6E80B /* Sources */ = {
			isa = PBXSourcesBuildPhase;
			buildActionMask = 2147483647;
			files = (
				F3CE940D2513609B006BE0FD /* Movies.swift in Sources */,
				F3CE940725135F8E006BE0FD /* NetworkManager.swift in Sources */,
				F3CE93FA25135C8E006BE0FD /* UserDefaultsManager.swift in Sources */,
				51036A0125111BC700C6E80B /* MovieflexTests.swift in Sources */,
				F39B4B552513B1F10026CA87 /* ShimmerEffect.swift in Sources */,
				F3CE940A2513606A006BE0FD /* MovieViewModel.swift in Sources */,
			);
			runOnlyForDeploymentPostprocessing = 0;
		};
/* End PBXSourcesBuildPhase section */

/* Begin PBXTargetDependency section */
		510369FE25111BC700C6E80B /* PBXTargetDependency */ = {
			isa = PBXTargetDependency;
			target = 510369E225111BC200C6E80B /* Movieflex */;
			targetProxy = 510369FD25111BC700C6E80B /* PBXContainerItemProxy */;
		};
/* End PBXTargetDependency section */

/* Begin PBXVariantGroup section */
		510369EC25111BC200C6E80B /* Home.storyboard */ = {
			isa = PBXVariantGroup;
			children = (
				510369ED25111BC200C6E80B /* Base */,
			);
			name = Home.storyboard;
			sourceTree = "<group>";
		};
		510369F425111BC600C6E80B /* LaunchScreen.storyboard */ = {
			isa = PBXVariantGroup;
			children = (
				510369F525111BC600C6E80B /* Base */,
			);
			name = LaunchScreen.storyboard;
			sourceTree = "<group>";
		};
/* End PBXVariantGroup section */

/* Begin XCBuildConfiguration section */
		51036A0325111BC700C6E80B /* Debug */ = {
			isa = XCBuildConfiguration;
			buildSettings = {
				ALWAYS_SEARCH_USER_PATHS = NO;
				CLANG_ANALYZER_NONNULL = YES;
				CLANG_ANALYZER_NUMBER_OBJECT_CONVERSION = YES_AGGRESSIVE;
				CLANG_CXX_LANGUAGE_STANDARD = "gnu++14";
				CLANG_CXX_LIBRARY = "libc++";
				CLANG_ENABLE_MODULES = YES;
				CLANG_ENABLE_OBJC_ARC = YES;
				CLANG_ENABLE_OBJC_WEAK = YES;
				CLANG_WARN_BLOCK_CAPTURE_AUTORELEASING = YES;
				CLANG_WARN_BOOL_CONVERSION = YES;
				CLANG_WARN_COMMA = YES;
				CLANG_WARN_CONSTANT_CONVERSION = YES;
				CLANG_WARN_DEPRECATED_OBJC_IMPLEMENTATIONS = YES;
				CLANG_WARN_DIRECT_OBJC_ISA_USAGE = YES_ERROR;
				CLANG_WARN_DOCUMENTATION_COMMENTS = YES;
				CLANG_WARN_EMPTY_BODY = YES;
				CLANG_WARN_ENUM_CONVERSION = YES;
				CLANG_WARN_INFINITE_RECURSION = YES;
				CLANG_WARN_INT_CONVERSION = YES;
				CLANG_WARN_NON_LITERAL_NULL_CONVERSION = YES;
				CLANG_WARN_OBJC_IMPLICIT_RETAIN_SELF = YES;
				CLANG_WARN_OBJC_LITERAL_CONVERSION = YES;
				CLANG_WARN_OBJC_ROOT_CLASS = YES_ERROR;
				CLANG_WARN_RANGE_LOOP_ANALYSIS = YES;
				CLANG_WARN_STRICT_PROTOTYPES = YES;
				CLANG_WARN_SUSPICIOUS_MOVE = YES;
				CLANG_WARN_UNGUARDED_AVAILABILITY = YES_AGGRESSIVE;
				CLANG_WARN_UNREACHABLE_CODE = YES;
				CLANG_WARN__DUPLICATE_METHOD_MATCH = YES;
				COPY_PHASE_STRIP = NO;
				DEBUG_INFORMATION_FORMAT = dwarf;
				ENABLE_STRICT_OBJC_MSGSEND = YES;
				ENABLE_TESTABILITY = YES;
				GCC_C_LANGUAGE_STANDARD = gnu11;
				GCC_DYNAMIC_NO_PIC = NO;
				GCC_NO_COMMON_BLOCKS = YES;
				GCC_OPTIMIZATION_LEVEL = 0;
				GCC_PREPROCESSOR_DEFINITIONS = (
					"DEBUG=1",
					"$(inherited)",
				);
				GCC_WARN_64_TO_32_BIT_CONVERSION = YES;
				GCC_WARN_ABOUT_RETURN_TYPE = YES_ERROR;
				GCC_WARN_UNDECLARED_SELECTOR = YES;
				GCC_WARN_UNINITIALIZED_AUTOS = YES_AGGRESSIVE;
				GCC_WARN_UNUSED_FUNCTION = YES;
				GCC_WARN_UNUSED_VARIABLE = YES;
				IPHONEOS_DEPLOYMENT_TARGET = 13.6;
				MTL_ENABLE_DEBUG_INFO = INCLUDE_SOURCE;
				MTL_FAST_MATH = YES;
				ONLY_ACTIVE_ARCH = YES;
				SDKROOT = iphoneos;
				SWIFT_ACTIVE_COMPILATION_CONDITIONS = DEBUG;
				SWIFT_OPTIMIZATION_LEVEL = "-Onone";
			};
			name = Debug;
		};
		51036A0425111BC700C6E80B /* Release */ = {
			isa = XCBuildConfiguration;
			buildSettings = {
				ALWAYS_SEARCH_USER_PATHS = NO;
				CLANG_ANALYZER_NONNULL = YES;
				CLANG_ANALYZER_NUMBER_OBJECT_CONVERSION = YES_AGGRESSIVE;
				CLANG_CXX_LANGUAGE_STANDARD = "gnu++14";
				CLANG_CXX_LIBRARY = "libc++";
				CLANG_ENABLE_MODULES = YES;
				CLANG_ENABLE_OBJC_ARC = YES;
				CLANG_ENABLE_OBJC_WEAK = YES;
				CLANG_WARN_BLOCK_CAPTURE_AUTORELEASING = YES;
				CLANG_WARN_BOOL_CONVERSION = YES;
				CLANG_WARN_COMMA = YES;
				CLANG_WARN_CONSTANT_CONVERSION = YES;
				CLANG_WARN_DEPRECATED_OBJC_IMPLEMENTATIONS = YES;
				CLANG_WARN_DIRECT_OBJC_ISA_USAGE = YES_ERROR;
				CLANG_WARN_DOCUMENTATION_COMMENTS = YES;
				CLANG_WARN_EMPTY_BODY = YES;
				CLANG_WARN_ENUM_CONVERSION = YES;
				CLANG_WARN_INFINITE_RECURSION = YES;
				CLANG_WARN_INT_CONVERSION = YES;
				CLANG_WARN_NON_LITERAL_NULL_CONVERSION = YES;
				CLANG_WARN_OBJC_IMPLICIT_RETAIN_SELF = YES;
				CLANG_WARN_OBJC_LITERAL_CONVERSION = YES;
				CLANG_WARN_OBJC_ROOT_CLASS = YES_ERROR;
				CLANG_WARN_RANGE_LOOP_ANALYSIS = YES;
				CLANG_WARN_STRICT_PROTOTYPES = YES;
				CLANG_WARN_SUSPICIOUS_MOVE = YES;
				CLANG_WARN_UNGUARDED_AVAILABILITY = YES_AGGRESSIVE;
				CLANG_WARN_UNREACHABLE_CODE = YES;
				CLANG_WARN__DUPLICATE_METHOD_MATCH = YES;
				COPY_PHASE_STRIP = NO;
				DEBUG_INFORMATION_FORMAT = "dwarf-with-dsym";
				ENABLE_NS_ASSERTIONS = NO;
				ENABLE_STRICT_OBJC_MSGSEND = YES;
				GCC_C_LANGUAGE_STANDARD = gnu11;
				GCC_NO_COMMON_BLOCKS = YES;
				GCC_WARN_64_TO_32_BIT_CONVERSION = YES;
				GCC_WARN_ABOUT_RETURN_TYPE = YES_ERROR;
				GCC_WARN_UNDECLARED_SELECTOR = YES;
				GCC_WARN_UNINITIALIZED_AUTOS = YES_AGGRESSIVE;
				GCC_WARN_UNUSED_FUNCTION = YES;
				GCC_WARN_UNUSED_VARIABLE = YES;
				IPHONEOS_DEPLOYMENT_TARGET = 13.6;
				MTL_ENABLE_DEBUG_INFO = NO;
				MTL_FAST_MATH = YES;
				SDKROOT = iphoneos;
				SWIFT_COMPILATION_MODE = wholemodule;
				SWIFT_OPTIMIZATION_LEVEL = "-O";
				VALIDATE_PRODUCT = YES;
			};
			name = Release;
		};
		51036A0625111BC700C6E80B /* Debug */ = {
			isa = XCBuildConfiguration;
			baseConfigurationReference = BB354ACDC6CC66BCEF4C3903 /* Pods-Movieflex.debug.xcconfig */;
			buildSettings = {
				ASSETCATALOG_COMPILER_APPICON_NAME = AppIcon;
				CODE_SIGN_STYLE = Automatic;
				DEVELOPMENT_TEAM = VXZ7XFH447;
				INFOPLIST_FILE = Movieflex/Info.plist;
				LD_RUNPATH_SEARCH_PATHS = (
					"$(inherited)",
					"@executable_path/Frameworks",
				);
				PRODUCT_BUNDLE_IDENTIFIER = "com.shubham-iosdev.Movieflex";
				PRODUCT_NAME = "$(TARGET_NAME)";
				SWIFT_VERSION = 5.0;
				TARGETED_DEVICE_FAMILY = "1,2";
			};
			name = Debug;
		};
		51036A0725111BC700C6E80B /* Release */ = {
			isa = XCBuildConfiguration;
			baseConfigurationReference = 48B696479272F98BEB2CCB76 /* Pods-Movieflex.release.xcconfig */;
			buildSettings = {
				ASSETCATALOG_COMPILER_APPICON_NAME = AppIcon;
				CODE_SIGN_STYLE = Automatic;
				DEVELOPMENT_TEAM = VXZ7XFH447;
				INFOPLIST_FILE = Movieflex/Info.plist;
				LD_RUNPATH_SEARCH_PATHS = (
					"$(inherited)",
					"@executable_path/Frameworks",
				);
				PRODUCT_BUNDLE_IDENTIFIER = "com.shubham-iosdev.Movieflex";
				PRODUCT_NAME = "$(TARGET_NAME)";
				SWIFT_VERSION = 5.0;
				TARGETED_DEVICE_FAMILY = "1,2";
			};
			name = Release;
		};
		51036A0925111BC700C6E80B /* Debug */ = {
			isa = XCBuildConfiguration;
			baseConfigurationReference = 8258D0866251C0EBDF5EE38A /* Pods-MovieflexTests.debug.xcconfig */;
			buildSettings = {
				ALWAYS_EMBED_SWIFT_STANDARD_LIBRARIES = YES;
				BUNDLE_LOADER = "$(TEST_HOST)";
				CODE_SIGN_STYLE = Automatic;
				DEVELOPMENT_TEAM = VXZ7XFH447;
				INFOPLIST_FILE = MovieflexTests/Info.plist;
				IPHONEOS_DEPLOYMENT_TARGET = 13.6;
				LD_RUNPATH_SEARCH_PATHS = (
					"$(inherited)",
					"@executable_path/Frameworks",
					"@loader_path/Frameworks",
				);
				PRODUCT_BUNDLE_IDENTIFIER = "com.shubham-iosdev.MovieflexTests";
				PRODUCT_NAME = "$(TARGET_NAME)";
				SWIFT_VERSION = 5.0;
				TARGETED_DEVICE_FAMILY = "1,2";
				TEST_HOST = "$(BUILT_PRODUCTS_DIR)/Movieflex.app/Movieflex";
			};
			name = Debug;
		};
		51036A0A25111BC700C6E80B /* Release */ = {
			isa = XCBuildConfiguration;
			baseConfigurationReference = 0B801DB931B52FBA2594BEF0 /* Pods-MovieflexTests.release.xcconfig */;
			buildSettings = {
				ALWAYS_EMBED_SWIFT_STANDARD_LIBRARIES = YES;
				BUNDLE_LOADER = "$(TEST_HOST)";
				CODE_SIGN_STYLE = Automatic;
				DEVELOPMENT_TEAM = VXZ7XFH447;
				INFOPLIST_FILE = MovieflexTests/Info.plist;
				IPHONEOS_DEPLOYMENT_TARGET = 13.6;
				LD_RUNPATH_SEARCH_PATHS = (
					"$(inherited)",
					"@executable_path/Frameworks",
					"@loader_path/Frameworks",
				);
				PRODUCT_BUNDLE_IDENTIFIER = "com.shubham-iosdev.MovieflexTests";
				PRODUCT_NAME = "$(TARGET_NAME)";
				SWIFT_VERSION = 5.0;
				TARGETED_DEVICE_FAMILY = "1,2";
				TEST_HOST = "$(BUILT_PRODUCTS_DIR)/Movieflex.app/Movieflex";
			};
			name = Release;
		};
/* End XCBuildConfiguration section */

/* Begin XCConfigurationList section */
		510369DE25111BC200C6E80B /* Build configuration list for PBXProject "Movieflex" */ = {
			isa = XCConfigurationList;
			buildConfigurations = (
				51036A0325111BC700C6E80B /* Debug */,
				51036A0425111BC700C6E80B /* Release */,
			);
			defaultConfigurationIsVisible = 0;
			defaultConfigurationName = Release;
		};
		51036A0525111BC700C6E80B /* Build configuration list for PBXNativeTarget "Movieflex" */ = {
			isa = XCConfigurationList;
			buildConfigurations = (
				51036A0625111BC700C6E80B /* Debug */,
				51036A0725111BC700C6E80B /* Release */,
			);
			defaultConfigurationIsVisible = 0;
			defaultConfigurationName = Release;
		};
		51036A0825111BC700C6E80B /* Build configuration list for PBXNativeTarget "MovieflexTests" */ = {
			isa = XCConfigurationList;
			buildConfigurations = (
				51036A0925111BC700C6E80B /* Debug */,
				51036A0A25111BC700C6E80B /* Release */,
			);
			defaultConfigurationIsVisible = 0;
			defaultConfigurationName = Release;
		};
/* End XCConfigurationList section */

/* Begin XCVersionGroup section */
		510369EF25111BC200C6E80B /* Movieflex.xcdatamodeld */ = {
			isa = XCVersionGroup;
			children = (
				510369F025111BC200C6E80B /* Movieflex.xcdatamodel */,
			);
			currentVersion = 510369F025111BC200C6E80B /* Movieflex.xcdatamodel */;
			path = Movieflex.xcdatamodeld;
			sourceTree = "<group>";
			versionGroupType = wrapper.xcdatamodel;
		};
/* End XCVersionGroup section */
	};
	rootObject = 510369DB25111BC200C6E80B /* Project object */;
}
